{
    "_meta": {
        "hash": {
            "sha256": "c11984e95421be0ad2c67a5da147d032fb7ddaf5a67d4d0b17054bc96fc4e8f5"
        },
        "pipfile-spec": 6,
        "requires": {
            "python_version": "3.6"
        },
        "sources": [
            {
                "name": "pypi",
                "url": "https://pypi.org/simple",
                "verify_ssl": true
            }
        ]
    },
    "default": {
        "numpy": {
            "hashes": [
                "sha256:247aa9efcc1a279b7251a9e9e6d95c6d1e860e461b9bec502765e26b4e9edd1f",
                "sha256:25bb6805253e390ca85d3fc990be0ec6527d19e0968de1af7accc5c8e45d5c72",
                "sha256:325e5f2b0b434ecb6e6882c7e1034cc6cdde3eeeea87dbc482575199a6aeef2a",
                "sha256:425cc2d1f8326e281db328fdddfdbaaee8c907c375cbe9664cc85276f4a05db8",
                "sha256:5026382cc5feb674d13e13da6f4b1fe6db800be9887cc7e93fb8a4db2d11d9bd",
                "sha256:776c4df79ffac22801eb17f1119088f56b652ed01b41deefe14911d66d95a04d",
                "sha256:811dec937131a554e0ace8dfa6b0919ae1b47e376901eb65bf9b1f99f35efbff",
                "sha256:9f37f271049451033d3458f80f411ff1f59177ffd6cbb10a3ffc80af84da2149",
                "sha256:ad83e22634e1a34a00d1809a0bd69d04eca68d5c975a1f298c6cead191420071",
                "sha256:b7a2439a390f702de036597c0dee92fb3333a7f9b4607aa256a21f087297e936",
                "sha256:c8ec2900b86d5579023cfe0ae3d6211253e3812171b718c416c584832b439c8b",
                "sha256:e37805754f4ebb575c434d134f6bebb8b857d9843c393f6943c7be71ef57311c"
            ],
            "index": "pypi",
            "version": "==1.9.2"
        },
        "pandas": {
            "hashes": [
                "sha256:19098cdb6d646220d8ec3ea8f9336b1461f62605cde25c44b8a3b802626841c2",
                "sha256:1b4b3fa6e913b4f5581d5b6e3949d924dfeba943d7f76ab4c41b4aa6211265b6",
                "sha256:3ff10969d0760496e1a25fd40b56a9cde886db2934c9d2cbde9f42438e5d74fb",
                "sha256:59a6811a0b5530aa50caef67fb2a310493f9554176f68f99ac7a9d8cd547080b",
                "sha256:648d0b1304be0be937848c8b0039960d6748eb41d1d477c45a2f56bcba5a0a30",
                "sha256:6cb2e31412af12fb137713987a08a84c69d094f3b4125382a6b4bb91a5668505",
                "sha256:6dafe8364a8373ca5db7a232003f712469ab99aeec74962e69d8eb05f40bd40f",
                "sha256:75dd978732b7b49fbc7e69267bb328191712709be581011b7734167ba2a93f70",
                "sha256:87e98f38c6ad43b9870d5ab900f573443208b6fadad6fb83daea2b5aff92f2f5",
                "sha256:b07dffdcb0cca8148d903c95a92fd228cbd7dd2c0f6f80042b3bbfaa9048c226",
                "sha256:bbaa973d9848b3d2b40d885b22456b364033a901c6350a553236694de1457701",
                "sha256:bd72355a87fa39cde93bc488b02e6e12993d65c9b028351b6d6e7cc08b551121",
                "sha256:cc60b04bc3c25093a0c4f693b9762da2931f7435a98f65e96f1e4c5803611a86",
                "sha256:e01853dfe111f3aea005315573400b7216ddbabbf1f28d482a71217d67ae4f81"
            ],
            "index": "pypi",
            "version": "==0.16.2"
        },
        "python-dateutil": {
            "hashes": [
                "sha256:73ebfe9dbf22e832286dafa60473e4cd239f8592f699aa5adaf10050e6e1823c",
                "sha256:75bb3f31ea686f1197762692a9ee6a7550b59fc6ca3a1f4b5d7e32fb98e2da2a"
            ],
            "version": "==2.8.1"
        },
        "pytz": {
            "hashes": [
                "sha256:1c557d7d0e871de1f5ccd5833f60fb2550652da6be2693c1e02300743d21500d",
                "sha256:b02c06db6cf09c12dd25137e563b31700d3b80fcc4ad23abb7a315f2789819be"
            ],
            "version": "==2019.3"
        },
        "six": {
            "hashes": [
                "sha256:236bdbdce46e6e6a3d61a337c0f8b763ca1e8717c03b369e87a7ec7ce1319c0a",
                "sha256:8f3cd2e254d8f793e7f3d6d9df77b92252b52637291d0f0da013c76ea2724b6c"
            ],
            "version": "==1.14.0"
        },
        "sympy": {
            "hashes": [
                "sha256:2ef97048baf91169fb5987da3dc4d52854072cac69507d8668a475ff4dd5d4a6"
            ],
            "index": "pypi",
            "version": "==0.7.5"
        }
    },
    "develop": {}
}
